
Microsoft Visual Studio Solution File, Format Version 12.00
# Visual Studio Version 17
VisualStudioVersion = 17.3.32804.467
MinimumVisualStudioVersion = 10.0.40219.1
Project("{FAE04EC0-301F-11D3-BF4B-00C04F79EFBC}") = "MaratonEfCodeFirst", "MaratonEfCodeFirst\MaratonEfCodeFirst.csproj", "{A454C9E3-E32C-4E03-9414-5EB2E482255E}"
EndProject
Global
	GlobalSection(SolutionConfigurationPlatforms) = preSolution
		Debug|Any CPU = Debug|Any CPU
		Release|Any CPU = Release|Any CPU
	EndGlobalSection
	GlobalSection(ProjectConfigurationPlatforms) = postSolution
		{A454C9E3-E32C-4E03-9414-5EB2E482255E}.Debug|Any CPU.ActiveCfg = Debug|Any CPU
		{A454C9E3-E32C-4E03-9414-5EB2E482255E}.Debug|Any CPU.Build.0 = Debug|Any CPU
		{A454C9E3-E32C-4E03-9414-5EB2E482255E}.Release|Any CPU.ActiveCfg = Release|Any CPU
		{A454C9E3-E32C-4E03-9414-5EB2E482255E}.Release|Any CPU.Build.0 = Release|Any CPU
	EndGlobalSection
	GlobalSection(SolutionProperties) = preSolution
		HideSolutionNode = FALSE
	EndGlobalSection
	GlobalSection(ExtensibilityGlobals) = postSolution
		SolutionGuid = {68524E5B-A22F-4B4D-96B7-7AF704AFC323}
	EndGlobalSection
EndGlobal
